{
  "name": "todo-app",
  "lockfileVersion": 3,
  "requires": true,
  "packages": {
    "": {
      "devDependencies": {
        "coverage-percentage": "^0.0.2"
      }
    },
    "node_modules/coverage-percentage": {
      "version": "0.0.2",
      "resolved": "https://registry.npmjs.org/coverage-percentage/-/coverage-percentage-0.0.2.tgz",
      "integrity": "sha512-5vwxPt9WzgKynQL7MpO5BZfalK1X82XguIijLDpOvyGUperlhcveqFdht4Q8fPDQYZnTdDpGrntOAZOPu65V4Q==",
      "dev": true,
      "dependencies": {
        "lcov-parse": "0.0.6"
      },
      "bin": {
        "coverage-percentage": "bin/coverage-percentage"
      }
    },
    "node_modules/lcov-parse": {
      "version": "0.0.6",
      "resolved": "https://registry.npmjs.org/lcov-parse/-/lcov-parse-0.0.6.tgz",
      "integrity": "sha512-chuBQJZiBq28YUM6Yr3tf3h5Lxhb+DvhbxxSNpsHURSXiZXOzp49phiWG2pKHboOehJDujivwNQGRP8mAErMvQ==",
      "dev": true
    }
  }
}
